
Microsoft Visual Studio Solution File, Format Version 12.00
# Visual Studio Version 17
VisualStudioVersion = 17.0.31903.59
MinimumVisualStudioVersion = 10.0.40219.1
Project("{FAE04EC0-301F-11D3-BF4B-00C04F79EFBC}") = "BOL", "BOL\BOL.csproj", "{CDA7D52C-7B10-4CD8-AF43-617814517F1C}"
EndProject
Project("{FAE04EC0-301F-11D3-BF4B-00C04F79EFBC}") = "BLL", "BLL\BLL.csproj", "{BDB8D780-6F99-443B-A538-D7A155BA84CD}"
EndProject
Project("{FAE04EC0-301F-11D3-BF4B-00C04F79EFBC}") = "DAL", "DAL\DAL.csproj", "{EA4E55F1-41C7-4410-8A6C-DDB9F92E2886}"
EndProject
Project("{FAE04EC0-301F-11D3-BF4B-00C04F79EFBC}") = "EmployeeSErvice", "EmployeeSErvice\EmployeeSErvice.csproj", "{89366171-63F2-4C8A-AD1D-3078EA829EC5}"
EndProject
Global
	GlobalSection(SolutionConfigurationPlatforms) = preSolution
		Debug|Any CPU = Debug|Any CPU
		Release|Any CPU = Release|Any CPU
	EndGlobalSection
	GlobalSection(SolutionProperties) = preSolution
		HideSolutionNode = FALSE
	EndGlobalSection
	GlobalSection(ProjectConfigurationPlatforms) = postSolution
		{CDA7D52C-7B10-4CD8-AF43-617814517F1C}.Debug|Any CPU.ActiveCfg = Debug|Any CPU
		{CDA7D52C-7B10-4CD8-AF43-617814517F1C}.Debug|Any CPU.Build.0 = Debug|Any CPU
		{CDA7D52C-7B10-4CD8-AF43-617814517F1C}.Release|Any CPU.ActiveCfg = Release|Any CPU
		{CDA7D52C-7B10-4CD8-AF43-617814517F1C}.Release|Any CPU.Build.0 = Release|Any CPU
		{BDB8D780-6F99-443B-A538-D7A155BA84CD}.Debug|Any CPU.ActiveCfg = Debug|Any CPU
		{BDB8D780-6F99-443B-A538-D7A155BA84CD}.Debug|Any CPU.Build.0 = Debug|Any CPU
		{BDB8D780-6F99-443B-A538-D7A155BA84CD}.Release|Any CPU.ActiveCfg = Release|Any CPU
		{BDB8D780-6F99-443B-A538-D7A155BA84CD}.Release|Any CPU.Build.0 = Release|Any CPU
		{EA4E55F1-41C7-4410-8A6C-DDB9F92E2886}.Debug|Any CPU.ActiveCfg = Debug|Any CPU
		{EA4E55F1-41C7-4410-8A6C-DDB9F92E2886}.Debug|Any CPU.Build.0 = Debug|Any CPU
		{EA4E55F1-41C7-4410-8A6C-DDB9F92E2886}.Release|Any CPU.ActiveCfg = Release|Any CPU
		{EA4E55F1-41C7-4410-8A6C-DDB9F92E2886}.Release|Any CPU.Build.0 = Release|Any CPU
		{89366171-63F2-4C8A-AD1D-3078EA829EC5}.Debug|Any CPU.ActiveCfg = Debug|Any CPU
		{89366171-63F2-4C8A-AD1D-3078EA829EC5}.Debug|Any CPU.Build.0 = Debug|Any CPU
		{89366171-63F2-4C8A-AD1D-3078EA829EC5}.Release|Any CPU.ActiveCfg = Release|Any CPU
		{89366171-63F2-4C8A-AD1D-3078EA829EC5}.Release|Any CPU.Build.0 = Release|Any CPU
	EndGlobalSection
EndGlobal
